{
  "lockfile_version": "1",
  "packages": {
    "go-task@3.40.0": {
      "last_modified": "2024-11-28T07:51:56Z",
      "resolved": "github:NixOS/nixpkgs/226216574ada4c3ecefcbbec41f39ce4655f78ef#go-task",
      "source": "devbox-search",
      "version": "3.40.0",
      "systems": {
        "aarch64-darwin": {
          "outputs": [
            {
              "name": "out",
              "path": "/nix/store/ynnx5bghcar86a89026rdysvpf51b2li-go-task-3.40.0",
              "default": true
            }
          ],
          "store_path": "/nix/store/ynnx5bghcar86a89026rdysvpf51b2li-go-task-3.40.0"
        },
        "aarch64-linux": {
          "outputs": [
            {
              "name": "out",
              "path": "/nix/store/2ga7yc7nn0k01n2w3wa6fjbp0i31r6d6-go-task-3.40.0",
              "default": true
            }
          ],
          "store_path": "/nix/store/2ga7yc7nn0k01n2w3wa6fjbp0i31r6d6-go-task-3.40.0"
        },
        "x86_64-darwin": {
          "outputs": [
            {
              "name": "out",
              "path": "/nix/store/sjq23fm01iki9idphwvp27yjzv7blr69-go-task-3.40.0",
              "default": true
            }
          ],
          "store_path": "/nix/store/sjq23fm01iki9idphwvp27yjzv7blr69-go-task-3.40.0"
        },
        "x86_64-linux": {
          "outputs": [
            {
              "name": "out",
              "path": "/nix/store/x5pbyv5p0yj3fl77j4bmgcj8s7jjcjwn-go-task-3.40.0",
              "default": true
            }
          ],
          "store_path": "/nix/store/x5pbyv5p0yj3fl77j4bmgcj8s7jjcjwn-go-task-3.40.0"
        }
      }
    },
    "go@1.23.3": {
      "last_modified": "2024-11-28T07:51:56Z",
      "resolved": "github:NixOS/nixpkgs/226216574ada4c3ecefcbbec41f39ce4655f78ef#go",
      "source": "devbox-search",
      "version": "1.23.3",
      "systems": {
        "aarch64-darwin": {
          "outputs": [
            {
              "name": "out",
              "path": "/nix/store/qrj2wp6vzfpjfrrlcmr22818zg83fb73-go-1.23.3",
              "default": true
            }
          ],
          "store_path": "/nix/store/qrj2wp6vzfpjfrrlcmr22818zg83fb73-go-1.23.3"
        },
        "aarch64-linux": {
          "outputs": [
            {
              "name": "out",
              "path": "/nix/store/dm66qyl19skrwcmk4rb9xcs64xc1d071-go-1.23.3",
              "default": true
            }
          ],
          "store_path": "/nix/store/dm66qyl19skrwcmk4rb9xcs64xc1d071-go-1.23.3"
        },
        "x86_64-darwin": {
          "outputs": [
            {
              "name": "out",
              "path": "/nix/store/vkjn6njpz4gy5ma763vh8hh93bgjwycr-go-1.23.3",
              "default": true
            }
          ],
          "store_path": "/nix/store/vkjn6njpz4gy5ma763vh8hh93bgjwycr-go-1.23.3"
        },
        "x86_64-linux": {
          "outputs": [
            {
              "name": "out",
              "path": "/nix/store/bavnchxi7v6xs077jxv7fl5rrqc3y87w-go-1.23.3",
              "default": true
            }
          ],
          "store_path": "/nix/store/bavnchxi7v6xs077jxv7fl5rrqc3y87w-go-1.23.3"
        }
      }
    },
    "goreleaser@2.4.8": {
      "last_modified": "2024-11-28T07:51:56Z",
      "resolved": "github:NixOS/nixpkgs/226216574ada4c3ecefcbbec41f39ce4655f78ef#goreleaser",
      "source": "devbox-search",
      "version": "2.4.8",
      "systems": {
        "aarch64-darwin": {
          "outputs": [
            {
              "name": "out",
              "path": "/nix/store/l78j1gsjxa022wjncvf3cll4lq53z2jm-goreleaser-2.4.8",
              "default": true
            }
          ],
          "store_path": "/nix/store/l78j1gsjxa022wjncvf3cll4lq53z2jm-goreleaser-2.4.8"
        },
        "aarch64-linux": {
          "outputs": [
            {
              "name": "out",
              "path": "/nix/store/vy4pvf9yjp6pf8xx9i4jx6wlhk7jqbnm-goreleaser-2.4.8",
              "default": true
            }
          ],
          "store_path": "/nix/store/vy4pvf9yjp6pf8xx9i4jx6wlhk7jqbnm-goreleaser-2.4.8"
        },
        "x86_64-darwin": {
          "outputs": [
            {
              "name": "out",
              "path": "/nix/store/jrm9qvx853gw7mddnk2gwbj0kbn3ly6z-goreleaser-2.4.8",
              "default": true
            }
          ],
          "store_path": "/nix/store/jrm9qvx853gw7mddnk2gwbj0kbn3ly6z-goreleaser-2.4.8"
        },
        "x86_64-linux": {
          "outputs": [
            {
              "name": "out",
              "path": "/nix/store/35nadfml57a8bkkkxh7fqxnw3mknh6mr-goreleaser-2.4.8",
              "default": true
            }
          ],
          "store_path": "/nix/store/35nadfml57a8bkkkxh7fqxnw3mknh6mr-goreleaser-2.4.8"
        }
      }
    },
    "templ@0.2.793": {
      "last_modified": "2024-11-28T07:51:56Z",
      "resolved": "github:NixOS/nixpkgs/226216574ada4c3ecefcbbec41f39ce4655f78ef#templ",
      "source": "devbox-search",
      "version": "0.2.793",
      "systems": {
        "aarch64-darwin": {
          "outputs": [
            {
              "name": "out",
              "path": "/nix/store/ivargvf76g71k5gk3iz4al52rsy28w38-templ-0.2.793",
              "default": true
            }
          ],
          "store_path": "/nix/store/ivargvf76g71k5gk3iz4al52rsy28w38-templ-0.2.793"
        },
        "aarch64-linux": {
          "outputs": [
            {
              "name": "out",
              "path": "/nix/store/03654iddn006yx5j1lqq496hax60v8p5-templ-0.2.793",
              "default": true
            }
          ],
          "store_path": "/nix/store/03654iddn006yx5j1lqq496hax60v8p5-templ-0.2.793"
        },
        "x86_64-darwin": {
          "outputs": [
            {
              "name": "out",
              "path": "/nix/store/cqyjl82hyql209iasjfjvvlj795xi3gh-templ-0.2.793",
              "default": true
            }
          ],
          "store_path": "/nix/store/cqyjl82hyql209iasjfjvvlj795xi3gh-templ-0.2.793"
        },
        "x86_64-linux": {
          "outputs": [
            {
              "name": "out",
              "path": "/nix/store/sn5h79d36r86i6a8rm1k52c2ij1s32kx-templ-0.2.793",
              "default": true
            }
          ],
          "store_path": "/nix/store/sn5h79d36r86i6a8rm1k52c2ij1s32kx-templ-0.2.793"
        }
      }
    }
  }
}
